
Microsoft Visual Studio Solution File, Format Version 12.00
# Visual Studio Version 17
VisualStudioVersion = 17.4.33110.190
MinimumVisualStudioVersion = 10.0.40219.1
Project("{8BC9CEB8-8B4A-11D0-8D11-00A0C91BC942}") = "introductionToOOP", "introductionToOOP\introductionToOOP.vcxproj", "{B1FD1BA5-3E1D-4465-936B-1833E62E4D7F}"
EndProject
Global
	GlobalSection(SolutionConfigurationPlatforms) = preSolution
		Debug|x64 = Debug|x64
		Debug|x86 = Debug|x86
		Release|x64 = Release|x64
		Release|x86 = Release|x86
	EndGlobalSection
	GlobalSection(ProjectConfigurationPlatforms) = postSolution
		{B1FD1BA5-3E1D-4465-936B-1833E62E4D7F}.Debug|x64.ActiveCfg = Debug|x64
		{B1FD1BA5-3E1D-4465-936B-1833E62E4D7F}.Debug|x64.Build.0 = Debug|x64
		{B1FD1BA5-3E1D-4465-936B-1833E62E4D7F}.Debug|x86.ActiveCfg = Debug|Win32
		{B1FD1BA5-3E1D-4465-936B-1833E62E4D7F}.Debug|x86.Build.0 = Debug|Win32
		{B1FD1BA5-3E1D-4465-936B-1833E62E4D7F}.Release|x64.ActiveCfg = Release|x64
		{B1FD1BA5-3E1D-4465-936B-1833E62E4D7F}.Release|x64.Build.0 = Release|x64
		{B1FD1BA5-3E1D-4465-936B-1833E62E4D7F}.Release|x86.ActiveCfg = Release|Win32
		{B1FD1BA5-3E1D-4465-936B-1833E62E4D7F}.Release|x86.Build.0 = Release|Win32
	EndGlobalSection
	GlobalSection(SolutionProperties) = preSolution
		HideSolutionNode = FALSE
	EndGlobalSection
	GlobalSection(ExtensibilityGlobals) = postSolution
		SolutionGuid = {F4993DF2-700B-4429-ACAC-2720B6D6116F}
	EndGlobalSection
EndGlobal
